
Microsoft Visual Studio Solution File, Format Version 12.00
# Visual Studio 15
VisualStudioVersion = 15.0.28307.852
MinimumVisualStudioVersion = 10.0.40219.1
Project("{FAE04EC0-301F-11D3-BF4B-00C04F79EFBC}") = "NoteIt!", "NoteIt!\NoteIt!.csproj", "{05AA07E7-E4B9-40ED-8CA3-F89B7720BB98}"
EndProject
Project("{FAE04EC0-301F-11D3-BF4B-00C04F79EFBC}") = "Plugin.Net", "Plugin.Net\Plugin.Net.csproj", "{0757930C-6F77-4733-A45F-7ADDE87365B6}"
EndProject
Global
	GlobalSection(SolutionConfigurationPlatforms) = preSolution
		Debug|Any CPU = Debug|Any CPU
		Release|Any CPU = Release|Any CPU
	EndGlobalSection
	GlobalSection(ProjectConfigurationPlatforms) = postSolution
		{05AA07E7-E4B9-40ED-8CA3-F89B7720BB98}.Debug|Any CPU.ActiveCfg = Debug|Any CPU
		{05AA07E7-E4B9-40ED-8CA3-F89B7720BB98}.Debug|Any CPU.Build.0 = Debug|Any CPU
		{05AA07E7-E4B9-40ED-8CA3-F89B7720BB98}.Release|Any CPU.ActiveCfg = Release|Any CPU
		{05AA07E7-E4B9-40ED-8CA3-F89B7720BB98}.Release|Any CPU.Build.0 = Release|Any CPU
		{0757930C-6F77-4733-A45F-7ADDE87365B6}.Debug|Any CPU.ActiveCfg = Debug|Any CPU
		{0757930C-6F77-4733-A45F-7ADDE87365B6}.Debug|Any CPU.Build.0 = Debug|Any CPU
		{0757930C-6F77-4733-A45F-7ADDE87365B6}.Release|Any CPU.ActiveCfg = Release|Any CPU
		{0757930C-6F77-4733-A45F-7ADDE87365B6}.Release|Any CPU.Build.0 = Release|Any CPU
	EndGlobalSection
	GlobalSection(SolutionProperties) = preSolution
		HideSolutionNode = FALSE
	EndGlobalSection
	GlobalSection(ExtensibilityGlobals) = postSolution
		SolutionGuid = {5CEE671C-5CA4-4AE6-A7D4-E254505FC626}
	EndGlobalSection
EndGlobal
